<?xml version="1.0" encoding="utf-8"?>
<Project ToolsVersion="4.0" xmlns="http://schemas.microsoft.com/developer/msbuild/2003">
  <ItemGroup>
    <Filter Include="Source Files">
      <UniqueIdentifier>{4FC737F1-C7A5-4376-A066-2A32D752A2FF}</UniqueIdentifier>
      <Extensions>cpp;c;cc;cxx;c++;cppm;ixx;def;odl;idl;hpj;bat;asm;asmx</Extensions>
    </Filter>
    <Filter Include="Header Files">
      <UniqueIdentifier>{93995380-89BD-4b04-88EB-625FBE52EBFB}</UniqueIdentifier>
      <Extensions>h;hh;hpp;hxx;h++;hm;inl;inc;ipp;xsd</Extensions>
    </Filter>
    <Filter Include="Resource Files">
      <UniqueIdentifier>{67DA6AB6-F800-4c08-8B7A-83BB121AAD01}</UniqueIdentifier>
      <Extensions>rc;ico;cur;bmp;dlg;rc2;rct;bin;rgs;gif;jpg;jpeg;jpe;resx;tiff;tif;png;wav;mfcribbon-ms</Extensions>
    </Filter>
    <Filter Include="Source Files\pieces">
      <UniqueIdentifier>{afcb7a07-fa06-4d25-a96f-613323518bc8}</UniqueIdentifier>
    </Filter>
    <Filter Include="Header Files\pieces">
      <UniqueIdentifier>{bbc3e1ef-c762-4ff2-a965-d73e29d5d15c}</UniqueIdentifier>
    </Filter>
  </ItemGroup>
  <ItemGroup>
    <ClCompile Include="src\main.cpp">
      <Filter>Source Files</Filter>
    </ClCompile>
    <ClCompile Include="src\gui\window.cpp">
      <Filter>Source Files</Filter>
    </ClCompile>
    <ClCompile Include="src\loguru.cpp">
      <Filter>Source Files</Filter>
    </ClCompile>
    <ClCompile Include="src\game\board.cpp">
      <Filter>Source Files</Filter>
    </ClCompile>
    <ClCompile Include="src\gui\renderer.cpp">
      <Filter>Source Files</Filter>
    </ClCompile>
    <ClCompile Include="src\gui\image.cpp">
      <Filter>Source Files</Filter>
    </ClCompile>
    <ClCompile Include="src\game\pieces\pawn.cpp">
      <Filter>Source Files\pieces</Filter>
    </ClCompile>
    <ClCompile Include="src\game\piece.cpp">
      <Filter>Source Files\pieces</Filter>
    </ClCompile>
    <ClCompile Include="src\game\pieces\empty.cpp">
      <Filter>Source Files</Filter>
    </ClCompile>
    <ClCompile Include="src\game\pieces\bishop.cpp">
      <Filter>Source Files</Filter>
    </ClCompile>
    <ClCompile Include="src\game\pieces\knight.cpp">
      <Filter>Source Files</Filter>
    </ClCompile>
    <ClCompile Include="src\game\pieces\queen.cpp">
      <Filter>Source Files</Filter>
    </ClCompile>
    <ClCompile Include="src\game\pieces\king.cpp">
      <Filter>Source Files</Filter>
    </ClCompile>
    <ClCompile Include="src\game\pieces\rook.cpp">
      <Filter>Source Files</Filter>
    </ClCompile>
    <ClCompile Include="src\gui\sound.cpp">
      <Filter>Source Files</Filter>
    </ClCompile>
  </ItemGroup>
  <ItemGroup>
    <ClInclude Include="src\gui\window.h">
      <Filter>Header Files</Filter>
    </ClInclude>
    <ClInclude Include="src\game\board.h">
      <Filter>Header Files</Filter>
    </ClInclude>
    <ClInclude Include="src\game\pieces.h">
      <Filter>Header Files</Filter>
    </ClInclude>
    <ClInclude Include="src\gui\renderer.h">
      <Filter>Header Files</Filter>
    </ClInclude>
    <ClInclude Include="src\gui\image.h">
      <Filter>Header Files</Filter>
    </ClInclude>
    <ClInclude Include="src\game\pieces\pawn.h">
      <Filter>Header Files</Filter>
    </ClInclude>
    <ClInclude Include="src\game\piece.h">
      <Filter>Header Files</Filter>
    </ClInclude>
    <ClInclude Include="src\game\pieces\empty.h">
      <Filter>Header Files</Filter>
    </ClInclude>
    <ClInclude Include="src\game\pieces\bishop.h">
      <Filter>Header Files</Filter>
    </ClInclude>
    <ClInclude Include="src\game\pieces\knight.h">
      <Filter>Header Files</Filter>
    </ClInclude>
    <ClInclude Include="src\game\pieces\queen.h">
      <Filter>Header Files</Filter>
    </ClInclude>
    <ClInclude Include="src\game\pieces\king.h">
      <Filter>Header Files</Filter>
    </ClInclude>
    <ClInclude Include="src\game\pieces\rook.h">
      <Filter>Header Files</Filter>
    </ClInclude>
    <ClInclude Include="src\game\errors.h">
      <Filter>Header Files</Filter>
    </ClInclude>
    <ClInclude Include="src\gui\sound.h">
      <Filter>Header Files</Filter>
    </ClInclude>
    <ClInclude Include="src\file.h">
      <Filter>Header Files</Filter>
    </ClInclude>
  </ItemGroup>
  <ItemGroup>
    <Image Include="resources\pieces\black\Bishop.png">
      <Filter>Resource Files</Filter>
    </Image>
    <Image Include="resources\pieces\black\King.png">
      <Filter>Resource Files</Filter>
    </Image>
    <Image Include="resources\pieces\black\Knight.png">
      <Filter>Resource Files</Filter>
    </Image>
    <Image Include="resources\pieces\black\Pawn.png">
      <Filter>Resource Files</Filter>
    </Image>
    <Image Include="resources\pieces\black\Queen.png">
      <Filter>Resource Files</Filter>
    </Image>
    <Image Include="resources\pieces\black\Rook.png">
      <Filter>Resource Files</Filter>
    </Image>
    <Image Include="resources\pieces\white\Bishop.png">
      <Filter>Resource Files</Filter>
    </Image>
    <Image Include="resources\pieces\white\King.png">
      <Filter>Resource Files</Filter>
    </Image>
    <Image Include="resources\pieces\white\Knight.png">
      <Filter>Resource Files</Filter>
    </Image>
    <Image Include="resources\pieces\white\Pawn.png">
      <Filter>Resource Files</Filter>
    </Image>
    <Image Include="resources\pieces\white\Queen.png">
      <Filter>Resource Files</Filter>
    </Image>
    <Image Include="resources\pieces\white\Rook.png">
      <Filter>Resource Files</Filter>
    </Image>
  </ItemGroup>
  <ItemGroup>
    <None Include="settings.json" />
    <None Include="resources\pieces\convert.sh" />
    <None Include="resources\sounds\sounds\remove.sh" />
  </ItemGroup>
  <ItemGroup>
    <Text Include="src\excludedfileslist.txt" />
  </ItemGroup>
</Project>